
Microsoft Visual Studio Solution File, Format Version 12.00
# Visual Studio 2012
Project("{FAE04EC0-301F-11D3-BF4B-00C04F79EFBC}") = "Website Scheduler", "Website Scheduler\Website Scheduler.csproj", "{D3F9EB70-94FC-4C13-8AC1-32E53B7CD086}"
EndProject
Global
	GlobalSection(SolutionConfigurationPlatforms) = preSolution
		Debug|Any CPU = Debug|Any CPU
		Release|Any CPU = Release|Any CPU
	EndGlobalSection
	GlobalSection(ProjectConfigurationPlatforms) = postSolution
		{D3F9EB70-94FC-4C13-8AC1-32E53B7CD086}.Debug|Any CPU.ActiveCfg = Debug|Any CPU
		{D3F9EB70-94FC-4C13-8AC1-32E53B7CD086}.Debug|Any CPU.Build.0 = Debug|Any CPU
		{D3F9EB70-94FC-4C13-8AC1-32E53B7CD086}.Release|Any CPU.ActiveCfg = Release|Any CPU
		{D3F9EB70-94FC-4C13-8AC1-32E53B7CD086}.Release|Any CPU.Build.0 = Release|Any CPU
	EndGlobalSection
	GlobalSection(SolutionProperties) = preSolution
		HideSolutionNode = FALSE
	EndGlobalSection
EndGlobal
